
Microsoft Visual Studio Solution File, Format Version 12.00
# Visual Studio Version 17
VisualStudioVersion = 17.9.34728.123
MinimumVisualStudioVersion = 10.0.40219.1
Project("{FAE04EC0-301F-11D3-BF4B-00C04F79EFBC}") = "Ajedrez3", "Ajedrez3\Ajedrez3.csproj", "{B3B8CA84-4501-4565-BC27-2B884B791D15}"
EndProject
Global
	GlobalSection(SolutionConfigurationPlatforms) = preSolution
		Debug|Any CPU = Debug|Any CPU
		Release|Any CPU = Release|Any CPU
	EndGlobalSection
	GlobalSection(ProjectConfigurationPlatforms) = postSolution
		{B3B8CA84-4501-4565-BC27-2B884B791D15}.Debug|Any CPU.ActiveCfg = Debug|Any CPU
		{B3B8CA84-4501-4565-BC27-2B884B791D15}.Debug|Any CPU.Build.0 = Debug|Any CPU
		{B3B8CA84-4501-4565-BC27-2B884B791D15}.Release|Any CPU.ActiveCfg = Release|Any CPU
		{B3B8CA84-4501-4565-BC27-2B884B791D15}.Release|Any CPU.Build.0 = Release|Any CPU
	EndGlobalSection
	GlobalSection(SolutionProperties) = preSolution
		HideSolutionNode = FALSE
	EndGlobalSection
	GlobalSection(ExtensibilityGlobals) = postSolution
		SolutionGuid = {08BD61DA-852E-4C80-A654-6CC5DC15510D}
	EndGlobalSection
EndGlobal
